
Microsoft Visual Studio Solution File, Format Version 12.00
# Visual Studio Version 16
VisualStudioVersion = 16.0.29920.165
MinimumVisualStudioVersion = 10.0.40219.1
Project("{FAE04EC0-301F-11D3-BF4B-00C04F79EFBC}") = "TrainWindowsFormsApp", "TrainWindowsFormsApp\TrainWindowsFormsApp.csproj", "{AE645FC0-6EF1-4EDE-90DE-BB31051C8DB5}"
EndProject
Global
	GlobalSection(SolutionConfigurationPlatforms) = preSolution
		Debug|Any CPU = Debug|Any CPU
		Release|Any CPU = Release|Any CPU
	EndGlobalSection
	GlobalSection(ProjectConfigurationPlatforms) = postSolution
		{AE645FC0-6EF1-4EDE-90DE-BB31051C8DB5}.Debug|Any CPU.ActiveCfg = Debug|Any CPU
		{AE645FC0-6EF1-4EDE-90DE-BB31051C8DB5}.Debug|Any CPU.Build.0 = Debug|Any CPU
		{AE645FC0-6EF1-4EDE-90DE-BB31051C8DB5}.Release|Any CPU.ActiveCfg = Release|Any CPU
		{AE645FC0-6EF1-4EDE-90DE-BB31051C8DB5}.Release|Any CPU.Build.0 = Release|Any CPU
	EndGlobalSection
	GlobalSection(SolutionProperties) = preSolution
		HideSolutionNode = FALSE
	EndGlobalSection
	GlobalSection(ExtensibilityGlobals) = postSolution
		SolutionGuid = {FC89F5E4-B0CE-44A3-8E8E-54E70C6AE394}
	EndGlobalSection
EndGlobal
